
Microsoft Visual Studio Solution File, Format Version 12.00
# Visual Studio Version 16
VisualStudioVersion = 16.0.31613.86
MinimumVisualStudioVersion = 10.0.40219.1
Project("{FAE04EC0-301F-11D3-BF4B-00C04F79EFBC}") = "ProductAPI", "ProductAPI\ProductAPI.csproj", "{55A02C3A-C557-41CC-A2FD-6EE40F56C2CC}"
EndProject
Project("{FAE04EC0-301F-11D3-BF4B-00C04F79EFBC}") = "ProductWeb", "ProductWeb\ProductWeb.csproj", "{5B179710-EF01-4B05-9096-DE860A050B6D}"
EndProject
Global
	GlobalSection(SolutionConfigurationPlatforms) = preSolution
		Debug|Any CPU = Debug|Any CPU
		Release|Any CPU = Release|Any CPU
	EndGlobalSection
	GlobalSection(ProjectConfigurationPlatforms) = postSolution
		{55A02C3A-C557-41CC-A2FD-6EE40F56C2CC}.Debug|Any CPU.ActiveCfg = Debug|Any CPU
		{55A02C3A-C557-41CC-A2FD-6EE40F56C2CC}.Debug|Any CPU.Build.0 = Debug|Any CPU
		{55A02C3A-C557-41CC-A2FD-6EE40F56C2CC}.Release|Any CPU.ActiveCfg = Release|Any CPU
		{55A02C3A-C557-41CC-A2FD-6EE40F56C2CC}.Release|Any CPU.Build.0 = Release|Any CPU
		{5B179710-EF01-4B05-9096-DE860A050B6D}.Debug|Any CPU.ActiveCfg = Debug|Any CPU
		{5B179710-EF01-4B05-9096-DE860A050B6D}.Debug|Any CPU.Build.0 = Debug|Any CPU
		{5B179710-EF01-4B05-9096-DE860A050B6D}.Release|Any CPU.ActiveCfg = Release|Any CPU
		{5B179710-EF01-4B05-9096-DE860A050B6D}.Release|Any CPU.Build.0 = Release|Any CPU
	EndGlobalSection
	GlobalSection(SolutionProperties) = preSolution
		HideSolutionNode = FALSE
	EndGlobalSection
	GlobalSection(ExtensibilityGlobals) = postSolution
		SolutionGuid = {142B5BC9-FA0B-4630-97C9-D6BEA26748A6}
	EndGlobalSection
EndGlobal
